
Microsoft Visual Studio Solution File, Format Version 12.00
# Visual Studio 15
VisualStudioVersion = 15.0.28307.1321
MinimumVisualStudioVersion = 10.0.40219.1
Project("{FAE04EC0-301F-11D3-BF4B-00C04F79EFBC}") = "E-Diary for Windows", "E-Diary for Windows\E-Diary for Windows.csproj", "{8FB5B7DB-3324-492D-B816-208760206259}"
EndProject
Global
	GlobalSection(SolutionConfigurationPlatforms) = preSolution
		Debug|Any CPU = Debug|Any CPU
		Release|Any CPU = Release|Any CPU
	EndGlobalSection
	GlobalSection(ProjectConfigurationPlatforms) = postSolution
		{8FB5B7DB-3324-492D-B816-208760206259}.Debug|Any CPU.ActiveCfg = Debug|Any CPU
		{8FB5B7DB-3324-492D-B816-208760206259}.Debug|Any CPU.Build.0 = Debug|Any CPU
		{8FB5B7DB-3324-492D-B816-208760206259}.Release|Any CPU.ActiveCfg = Release|Any CPU
		{8FB5B7DB-3324-492D-B816-208760206259}.Release|Any CPU.Build.0 = Release|Any CPU
	EndGlobalSection
	GlobalSection(SolutionProperties) = preSolution
		HideSolutionNode = FALSE
	EndGlobalSection
	GlobalSection(ExtensibilityGlobals) = postSolution
		SolutionGuid = {07D2A594-61DD-4EC2-9260-4E3A42829FC1}
	EndGlobalSection
EndGlobal
